
Microsoft Visual Studio Solution File, Format Version 12.00
# Visual Studio Version 17
VisualStudioVersion = 17.5.33516.290
MinimumVisualStudioVersion = 10.0.40219.1
Project("{9A19103F-16F7-4668-BE54-9A1E7A4F7556}") = "PiggyBank", "PiggyBank\PiggyBank.csproj", "{CC4F878A-D97B-4E2C-B8F0-69C78E319B8D}"
EndProject
Project("{FAE04EC0-301F-11D3-BF4B-00C04F79EFBC}") = "EFDataAccess", "EFDataAccess\EFDataAccess.csproj", "{9831D8CD-8B3C-4FBF-91DD-83BA4E75FADB}"
EndProject
Global
	GlobalSection(SolutionConfigurationPlatforms) = preSolution
		Debug|Any CPU = Debug|Any CPU
		Release|Any CPU = Release|Any CPU
	EndGlobalSection
	GlobalSection(ProjectConfigurationPlatforms) = postSolution
		{CC4F878A-D97B-4E2C-B8F0-69C78E319B8D}.Debug|Any CPU.ActiveCfg = Debug|Any CPU
		{CC4F878A-D97B-4E2C-B8F0-69C78E319B8D}.Debug|Any CPU.Build.0 = Debug|Any CPU
		{CC4F878A-D97B-4E2C-B8F0-69C78E319B8D}.Release|Any CPU.ActiveCfg = Release|Any CPU
		{CC4F878A-D97B-4E2C-B8F0-69C78E319B8D}.Release|Any CPU.Build.0 = Release|Any CPU
		{9831D8CD-8B3C-4FBF-91DD-83BA4E75FADB}.Debug|Any CPU.ActiveCfg = Debug|Any CPU
		{9831D8CD-8B3C-4FBF-91DD-83BA4E75FADB}.Debug|Any CPU.Build.0 = Debug|Any CPU
		{9831D8CD-8B3C-4FBF-91DD-83BA4E75FADB}.Release|Any CPU.ActiveCfg = Release|Any CPU
		{9831D8CD-8B3C-4FBF-91DD-83BA4E75FADB}.Release|Any CPU.Build.0 = Release|Any CPU
	EndGlobalSection
	GlobalSection(SolutionProperties) = preSolution
		HideSolutionNode = FALSE
	EndGlobalSection
	GlobalSection(ExtensibilityGlobals) = postSolution
		SolutionGuid = {7A88754D-6978-4F6F-B745-4CEF8305E9CB}
	EndGlobalSection
EndGlobal
